
Microsoft Visual Studio Solution File, Format Version 12.00
# Visual Studio Version 16
VisualStudioVersion = 16.0.29519.87
MinimumVisualStudioVersion = 10.0.40219.1
Project("{FAE04EC0-301F-11D3-BF4B-00C04F79EFBC}") = "WebsiteManager", "WebsiteManager\WebsiteManager.csproj", "{846D5DA2-4E0E-4CBF-86CF-06F4D52AE0F6}"
EndProject
Global
	GlobalSection(SolutionConfigurationPlatforms) = preSolution
		Debug|Any CPU = Debug|Any CPU
		Release|Any CPU = Release|Any CPU
	EndGlobalSection
	GlobalSection(ProjectConfigurationPlatforms) = postSolution
		{846D5DA2-4E0E-4CBF-86CF-06F4D52AE0F6}.Debug|Any CPU.ActiveCfg = Debug|Any CPU
		{846D5DA2-4E0E-4CBF-86CF-06F4D52AE0F6}.Debug|Any CPU.Build.0 = Debug|Any CPU
		{846D5DA2-4E0E-4CBF-86CF-06F4D52AE0F6}.Release|Any CPU.ActiveCfg = Release|Any CPU
		{846D5DA2-4E0E-4CBF-86CF-06F4D52AE0F6}.Release|Any CPU.Build.0 = Release|Any CPU
	EndGlobalSection
	GlobalSection(SolutionProperties) = preSolution
		HideSolutionNode = FALSE
	EndGlobalSection
	GlobalSection(ExtensibilityGlobals) = postSolution
		SolutionGuid = {9783DAA9-FB70-4C0D-BC86-FBB94052D6BE}
	EndGlobalSection
EndGlobal
